PODS:
  - FBSnapshotTestCase (2.1.4):
    - FBSnapshotTestCase/SwiftSupport (= 2.1.4)
  - FBSnapshotTestCase/Core (2.1.4)
  - FBSnapshotTestCase/SwiftSupport (2.1.4):
    - FBSnapshotTestCase/Core
  - YKNetworking (0.1.0)

DEPENDENCIES:
  - FBSnapshotTestCase
  - YKNetworking (from `../`)

SPEC REPOS:
  trunk:
    - FBSnapshotTestCase

EXTERNAL SOURCES:
  YKNetworking:
    :path: "../"

SPEC CHECKSUMS:
  FBSnapshotTestCase: 094f9f314decbabe373b87cc339bea235a63e07a
  YKNetworking: a922b8924fdfabdf2059245d3d60db711ebc9e43

PODFILE CHECKSUM: 65ef7831a216f954c69e16e7f39a4d1679589431

COCOAPODS: 1.9.3
